
Microsoft Visual Studio Solution File, Format Version 12.00
# Visual Studio Version 17
VisualStudioVersion = 17.14.36518.9 d17.14
MinimumVisualStudioVersion = 10.0.40219.1
Project("{FAE04EC0-301F-11D3-BF4B-00C04F79EFBC}") = "Exam", "oop-assignment-2-2025-77804\Exam.csproj", "{F699E800-2CA3-4DD4-BEEF-B5C7E35CCF58}"
EndProject
Project("{FAE04EC0-301F-11D3-BF4B-00C04F79EFBC}") = "Exam.Tests", "Exam.Tests\Exam.Tests.csproj", "{407CE1D6-E13E-4408-900C-31D4F4C52D3A}"
EndProject
Global
	GlobalSection(SolutionConfigurationPlatforms) = preSolution
		Debug|Any CPU = Debug|Any CPU
		Release|Any CPU = Release|Any CPU
	EndGlobalSection
	GlobalSection(ProjectConfigurationPlatforms) = postSolution
		{F699E800-2CA3-4DD4-BEEF-B5C7E35CCF58}.Debug|Any CPU.ActiveCfg = Debug|Any CPU
		{F699E800-2CA3-4DD4-BEEF-B5C7E35CCF58}.Debug|Any CPU.Build.0 = Debug|Any CPU
		{F699E800-2CA3-4DD4-BEEF-B5C7E35CCF58}.Release|Any CPU.ActiveCfg = Release|Any CPU
		{F699E800-2CA3-4DD4-BEEF-B5C7E35CCF58}.Release|Any CPU.Build.0 = Release|Any CPU
		{407CE1D6-E13E-4408-900C-31D4F4C52D3A}.Debug|Any CPU.ActiveCfg = Debug|Any CPU
		{407CE1D6-E13E-4408-900C-31D4F4C52D3A}.Debug|Any CPU.Build.0 = Debug|Any CPU
		{407CE1D6-E13E-4408-900C-31D4F4C52D3A}.Release|Any CPU.ActiveCfg = Release|Any CPU
		{407CE1D6-E13E-4408-900C-31D4F4C52D3A}.Release|Any CPU.Build.0 = Release|Any CPU
	EndGlobalSection
	GlobalSection(SolutionProperties) = preSolution
		HideSolutionNode = FALSE
	EndGlobalSection
	GlobalSection(ExtensibilityGlobals) = postSolution
		SolutionGuid = {F5CC45B0-1F95-413D-AC2B-40B983F062B9}
	EndGlobalSection
EndGlobal
